
Microsoft Visual Studio Solution File, Format Version 12.00
# Visual Studio Version 16
VisualStudioVersion = 16.0.29102.190
MinimumVisualStudioVersion = 10.0.40219.1
Project("{FAE04EC0-301F-11D3-BF4B-00C04F79EFBC}") = "WheelofAccess", "WheelofAccess\WheelofAccess.csproj", "{585C05B3-F2F7-4866-A975-A3D46BAE0E72}"
EndProject
Global
	GlobalSection(SolutionConfigurationPlatforms) = preSolution
		Debug|Any CPU = Debug|Any CPU
		dev|Any CPU = dev|Any CPU
		Release|Any CPU = Release|Any CPU
	EndGlobalSection
	GlobalSection(ProjectConfigurationPlatforms) = postSolution
		{585C05B3-F2F7-4866-A975-A3D46BAE0E72}.Debug|Any CPU.ActiveCfg = Debug|Any CPU
		{585C05B3-F2F7-4866-A975-A3D46BAE0E72}.Debug|Any CPU.Build.0 = Debug|Any CPU
		{585C05B3-F2F7-4866-A975-A3D46BAE0E72}.dev|Any CPU.ActiveCfg = dev|Any CPU
		{585C05B3-F2F7-4866-A975-A3D46BAE0E72}.dev|Any CPU.Build.0 = dev|Any CPU
		{585C05B3-F2F7-4866-A975-A3D46BAE0E72}.Release|Any CPU.ActiveCfg = Release|Any CPU
		{585C05B3-F2F7-4866-A975-A3D46BAE0E72}.Release|Any CPU.Build.0 = Release|Any CPU
	EndGlobalSection
	GlobalSection(SolutionProperties) = preSolution
		HideSolutionNode = FALSE
	EndGlobalSection
	GlobalSection(ExtensibilityGlobals) = postSolution
		SolutionGuid = {EA3B7FDF-376F-43A8-81FC-61631B1FE7B2}
	EndGlobalSection
EndGlobal
